
Microsoft Visual Studio Solution File, Format Version 12.00
# Visual Studio Version 17
VisualStudioVersion = 17.5.002.0
MinimumVisualStudioVersion = 10.0.40219.1
Project("{9A19103F-16F7-4668-BE54-9A1E7A4F7556}") = "Simulacro_c_Sharp", "Simulacro_c_Sharp.csproj", "{DD0975CF-8DCB-4128-8DAB-0EDE65D1E4EB}"
EndProject
Global
	GlobalSection(SolutionConfigurationPlatforms) = preSolution
		Debug|Any CPU = Debug|Any CPU
		Release|Any CPU = Release|Any CPU
	EndGlobalSection
	GlobalSection(ProjectConfigurationPlatforms) = postSolution
		{DD0975CF-8DCB-4128-8DAB-0EDE65D1E4EB}.Debug|Any CPU.ActiveCfg = Debug|Any CPU
		{DD0975CF-8DCB-4128-8DAB-0EDE65D1E4EB}.Debug|Any CPU.Build.0 = Debug|Any CPU
		{DD0975CF-8DCB-4128-8DAB-0EDE65D1E4EB}.Release|Any CPU.ActiveCfg = Release|Any CPU
		{DD0975CF-8DCB-4128-8DAB-0EDE65D1E4EB}.Release|Any CPU.Build.0 = Release|Any CPU
	EndGlobalSection
	GlobalSection(SolutionProperties) = preSolution
		HideSolutionNode = FALSE
	EndGlobalSection
	GlobalSection(ExtensibilityGlobals) = postSolution
		SolutionGuid = {CED986F2-DAF2-496C-AD9D-4650F31D53E3}
	EndGlobalSection
EndGlobal
